
Microsoft Visual Studio Solution File, Format Version 12.00
# Visual Studio Version 17
VisualStudioVersion = 17.4.33205.214
MinimumVisualStudioVersion = 10.0.40219.1
Project("{9A19103F-16F7-4668-BE54-9A1E7A4F7556}") = "Output", "Output\Output.csproj", "{4BB12B1C-3479-4379-B555-C9BEDA75432D}"
EndProject
Project("{9A19103F-16F7-4668-BE54-9A1E7A4F7556}") = "Transport", "Transport\Transport\Transport.csproj", "{20E85437-E453-480A-AAF9-78E2EAD6CFE5}"
EndProject
Global
	GlobalSection(SolutionConfigurationPlatforms) = preSolution
		Debug|Any CPU = Debug|Any CPU
		Release|Any CPU = Release|Any CPU
	EndGlobalSection
	GlobalSection(ProjectConfigurationPlatforms) = postSolution
		{4BB12B1C-3479-4379-B555-C9BEDA75432D}.Debug|Any CPU.ActiveCfg = Debug|Any CPU
		{4BB12B1C-3479-4379-B555-C9BEDA75432D}.Debug|Any CPU.Build.0 = Debug|Any CPU
		{4BB12B1C-3479-4379-B555-C9BEDA75432D}.Release|Any CPU.ActiveCfg = Release|Any CPU
		{4BB12B1C-3479-4379-B555-C9BEDA75432D}.Release|Any CPU.Build.0 = Release|Any CPU
		{20E85437-E453-480A-AAF9-78E2EAD6CFE5}.Debug|Any CPU.ActiveCfg = Debug|Any CPU
		{20E85437-E453-480A-AAF9-78E2EAD6CFE5}.Debug|Any CPU.Build.0 = Debug|Any CPU
		{20E85437-E453-480A-AAF9-78E2EAD6CFE5}.Release|Any CPU.ActiveCfg = Release|Any CPU
		{20E85437-E453-480A-AAF9-78E2EAD6CFE5}.Release|Any CPU.Build.0 = Release|Any CPU
	EndGlobalSection
	GlobalSection(SolutionProperties) = preSolution
		HideSolutionNode = FALSE
	EndGlobalSection
	GlobalSection(ExtensibilityGlobals) = postSolution
		SolutionGuid = {CEA31207-1F7C-4AE1-8B45-957CEB60C234}
	EndGlobalSection
EndGlobal
